PODS:
  - Flutter (1.0.0)
  - silentauth-sdk-ios (1.0.2)
  - silentauth_sdk_flutter (1.0.4):
    - Flutter
    - silentauth-sdk-ios (= 1.0.2)

DEPENDENCIES:
  - Flutter (from `Flutter`)
  - silentauth_sdk_flutter (from `.symlinks/plugins/silentauth_sdk_flutter/ios`)

SPEC REPOS:
  trunk:
    - silentauth-sdk-ios

EXTERNAL SOURCES:
  Flutter:
    :path: Flutter
  silentauth_sdk_flutter:
    :path: ".symlinks/plugins/silentauth_sdk_flutter/ios"

SPEC CHECKSUMS:
  Flutter: 50d75fe2f02b26cc09d224853bb45737f8b3214a
  silentauth-sdk-ios: 34262123bfe689d6dc424217a144f710462e84ad
  silentauth_sdk_flutter: 60d993f1ce0ef84ac3e5150231e8ad92af46ea9a

PODFILE CHECKSUM: cc1f88378b4bfcf93a6ce00d2c587857c6008d3b

COCOAPODS: 1.11.3
